{
  "name": "ykk-v2",
  "version": "1.0.0",
  "lockfileVersion": 3,
  "requires": true,
  "packages": {
    "": {
      "name": "ykk-v2",
      "version": "1.0.0",
      "dependencies": {
        "@vitejs/plugin-react": "latest",
        "vite": "latest",
        "typescript": "latest",
        "react": "latest",
        "react-dom": "latest"
      },
      "devDependencies": {
        "@types/react": "latest",
        "@types/react-dom": "latest"
      }
    }
  }
}
